
Microsoft Visual Studio Solution File, Format Version 12.00
# Visual Studio Version 17
VisualStudioVersion = 17.8.34330.188
MinimumVisualStudioVersion = 10.0.40219.1
Project("{FAE04EC0-301F-11D3-BF4B-00C04F79EFBC}") = "MalimoWeb", "MalimoWeb\MalimoWeb.csproj", "{44EFAB0C-B0E6-458C-A011-069D8D6C9013}"
EndProject
Global
	GlobalSection(SolutionConfigurationPlatforms) = preSolution
		Debug|Any CPU = Debug|Any CPU
		Release|Any CPU = Release|Any CPU
	EndGlobalSection
	GlobalSection(ProjectConfigurationPlatforms) = postSolution
		{44EFAB0C-B0E6-458C-A011-069D8D6C9013}.Debug|Any CPU.ActiveCfg = Debug|Any CPU
		{44EFAB0C-B0E6-458C-A011-069D8D6C9013}.Debug|Any CPU.Build.0 = Debug|Any CPU
		{44EFAB0C-B0E6-458C-A011-069D8D6C9013}.Release|Any CPU.ActiveCfg = Release|Any CPU
		{44EFAB0C-B0E6-458C-A011-069D8D6C9013}.Release|Any CPU.Build.0 = Release|Any CPU
	EndGlobalSection
	GlobalSection(SolutionProperties) = preSolution
		HideSolutionNode = FALSE
	EndGlobalSection
	GlobalSection(ExtensibilityGlobals) = postSolution
		SolutionGuid = {12C57D56-FCA9-40D9-978D-06AA6FE9F878}
	EndGlobalSection
EndGlobal
